
Microsoft Visual Studio Solution File, Format Version 12.00
# Visual Studio 15
VisualStudioVersion = 15.0.28307.852
MinimumVisualStudioVersion = 10.0.40219.1
Project("{FAE04EC0-301F-11D3-BF4B-00C04F79EFBC}") = "CalculApp.Android", "CalculApp\CalculApp.Android\CalculApp.Android.csproj", "{20732FA9-2AD8-4B6C-A541-21CC25E1C4E9}"
EndProject
Project("{FAE04EC0-301F-11D3-BF4B-00C04F79EFBC}") = "CalculApp.iOS", "CalculApp\CalculApp.iOS\CalculApp.iOS.csproj", "{11FF4078-1651-4955-8B98-0B6E5B4CA6BE}"
EndProject
Project("{FAE04EC0-301F-11D3-BF4B-00C04F79EFBC}") = "CalculApp.UWP", "CalculApp\CalculApp.UWP\CalculApp.UWP.csproj", "{56BC80FA-F817-4186-B4EC-0AF3B14F53EB}"
EndProject
Project("{FAE04EC0-301F-11D3-BF4B-00C04F79EFBC}") = "CalculApp", "CalculApp\CalculApp\CalculApp.csproj", "{3CEB480E-BC4A-420D-931C-B8A083375225}"
EndProject
Global
	GlobalSection(SolutionConfigurationPlatforms) = preSolution
		Ad-Hoc|Any CPU = Ad-Hoc|Any CPU
		Ad-Hoc|ARM = Ad-Hoc|ARM
		Ad-Hoc|iPhone = Ad-Hoc|iPhone
		Ad-Hoc|iPhoneSimulator = Ad-Hoc|iPhoneSimulator
		Ad-Hoc|x64 = Ad-Hoc|x64
		Ad-Hoc|x86 = Ad-Hoc|x86
		AppStore|Any CPU = AppStore|Any CPU
		AppStore|ARM = AppStore|ARM
		AppStore|iPhone = AppStore|iPhone
		AppStore|iPhoneSimulator = AppStore|iPhoneSimulator
		AppStore|x64 = AppStore|x64
		AppStore|x86 = AppStore|x86
		Debug|Any CPU = Debug|Any CPU
		Debug|ARM = Debug|ARM
		Debug|iPhone = Debug|iPhone
		Debug|iPhoneSimulator = Debug|iPhoneSimulator
		Debug|x64 = Debug|x64
		Debug|x86 = Debug|x86
		Release|Any CPU = Release|Any CPU
		Release|ARM = Release|ARM
		Release|iPhone = Release|iPhone
		Release|iPhoneSimulator = Release|iPhoneSimulator
		Release|x64 = Release|x64
		Release|x86 = Release|x86
	EndGlobalSection
	GlobalSection(ProjectConfigurationPlatforms) = postSolution
		{20732FA9-2AD8-4B6C-A541-21CC25E1C4E9}.Ad-Hoc|Any CPU.ActiveCfg = Release|Any CPU
		{20732FA9-2AD8-4B6C-A541-21CC25E1C4E9}.Ad-Hoc|Any CPU.Build.0 = Release|Any CPU
		{20732FA9-2AD8-4B6C-A541-21CC25E1C4E9}.Ad-Hoc|Any CPU.Deploy.0 = Release|Any CPU
		{20732FA9-2AD8-4B6C-A541-21CC25E1C4E9}.Ad-Hoc|ARM.ActiveCfg = Release|Any CPU
		{20732FA9-2AD8-4B6C-A541-21CC25E1C4E9}.Ad-Hoc|ARM.Build.0 = Release|Any CPU
		{20732FA9-2AD8-4B6C-A541-21CC25E1C4E9}.Ad-Hoc|ARM.Deploy.0 = Release|Any CPU
		{20732FA9-2AD8-4B6C-A541-21CC25E1C4E9}.Ad-Hoc|iPhone.ActiveCfg = Release|Any CPU
		{20732FA9-2AD8-4B6C-A541-21CC25E1C4E9}.Ad-Hoc|iPhone.Build.0 = Release|Any CPU
		{20732FA9-2AD8-4B6C-A541-21CC25E1C4E9}.Ad-Hoc|iPhone.Deploy.0 = Release|Any CPU
		{20732FA9-2AD8-4B6C-A541-21CC25E1C4E9}.Ad-Hoc|iPhoneSimulator.ActiveCfg = Release|Any CPU
		{20732FA9-2AD8-4B6C-A541-21CC25E1C4E9}.Ad-Hoc|iPhoneSimulator.Build.0 = Release|Any CPU
		{20732FA9-2AD8-4B6C-A541-21CC25E1C4E9}.Ad-Hoc|iPhoneSimulator.Deploy.0 = Release|Any CPU
		{20732FA9-2AD8-4B6C-A541-21CC25E1C4E9}.Ad-Hoc|x64.ActiveCfg = Release|Any CPU
		{20732FA9-2AD8-4B6C-A541-21CC25E1C4E9}.Ad-Hoc|x64.Build.0 = Release|Any CPU
		{20732FA9-2AD8-4B6C-A541-21CC25E1C4E9}.Ad-Hoc|x64.Deploy.0 = Release|Any CPU
		{20732FA9-2AD8-4B6C-A541-21CC25E1C4E9}.Ad-Hoc|x86.ActiveCfg = Release|Any CPU
		{20732FA9-2AD8-4B6C-A541-21CC25E1C4E9}.Ad-Hoc|x86.Build.0 = Release|Any CPU
		{20732FA9-2AD8-4B6C-A541-21CC25E1C4E9}.Ad-Hoc|x86.Deploy.0 = Release|Any CPU
		{20732FA9-2AD8-4B6C-A541-21CC25E1C4E9}.AppStore|Any CPU.ActiveCfg = Release|Any CPU
		{20732FA9-2AD8-4B6C-A541-21CC25E1C4E9}.AppStore|Any CPU.Build.0 = Release|Any CPU
		{20732FA9-2AD8-4B6C-A541-21CC25E1C4E9}.AppStore|Any CPU.Deploy.0 = Release|Any CPU
		{20732FA9-2AD8-4B6C-A541-21CC25E1C4E9}.AppStore|ARM.ActiveCfg = Release|Any CPU
		{20732FA9-2AD8-4B6C-A541-21CC25E1C4E9}.AppStore|ARM.Build.0 = Release|Any CPU
		{20732FA9-2AD8-4B6C-A541-21CC25E1C4E9}.AppStore|ARM.Deploy.0 = Release|Any CPU
		{20732FA9-2AD8-4B6C-A541-21CC25E1C4E9}.AppStore|iPhone.ActiveCfg = Release|Any CPU
		{20732FA9-2AD8-4B6C-A541-21CC25E1C4E9}.AppStore|iPhone.Build.0 = Release|Any CPU
		{20732FA9-2AD8-4B6C-A541-21CC25E1C4E9}.AppStore|iPhone.Deploy.0 = Release|Any CPU
		{20732FA9-2AD8-4B6C-A541-21CC25E1C4E9}.AppStore|iPhoneSimulator.ActiveCfg = Release|Any CPU
		{20732FA9-2AD8-4B6C-A541-21CC25E1C4E9}.AppStore|iPhoneSimulator.Build.0 = Release|Any CPU
		{20732FA9-2AD8-4B6C-A541-21CC25E1C4E9}.AppStore|iPhoneSimulator.Deploy.0 = Release|Any CPU
		{20732FA9-2AD8-4B6C-A541-21CC25E1C4E9}.AppStore|x64.ActiveCfg = Release|Any CPU
		{20732FA9-2AD8-4B6C-A541-21CC25E1C4E9}.AppStore|x64.Build.0 = Release|Any CPU
		{20732FA9-2AD8-4B6C-A541-21CC25E1C4E9}.AppStore|x64.Deploy.0 = Release|Any CPU
		{20732FA9-2AD8-4B6C-A541-21CC25E1C4E9}.AppStore|x86.ActiveCfg = Release|Any CPU
		{20732FA9-2AD8-4B6C-A541-21CC25E1C4E9}.AppStore|x86.Build.0 = Release|Any CPU
		{20732FA9-2AD8-4B6C-A541-21CC25E1C4E9}.AppStore|x86.Deploy.0 = Release|Any CPU
		{20732FA9-2AD8-4B6C-A541-21CC25E1C4E9}.Debug|Any CPU.ActiveCfg = Debug|Any CPU
		{20732FA9-2AD8-4B6C-A541-21CC25E1C4E9}.Debug|Any CPU.Build.0 = Debug|Any CPU
		{20732FA9-2AD8-4B6C-A541-21CC25E1C4E9}.Debug|Any CPU.Deploy.0 = Debug|Any CPU
		{20732FA9-2AD8-4B6C-A541-21CC25E1C4E9}.Debug|ARM.ActiveCfg = Debug|Any CPU
		{20732FA9-2AD8-4B6C-A541-21CC25E1C4E9}.Debug|ARM.Build.0 = Debug|Any CPU
		{20732FA9-2AD8-4B6C-A541-21CC25E1C4E9}.Debug|ARM.Deploy.0 = Debug|Any CPU
		{20732FA9-2AD8-4B6C-A541-21CC25E1C4E9}.Debug|iPhone.ActiveCfg = Debug|Any CPU
		{20732FA9-2AD8-4B6C-A541-21CC25E1C4E9}.Debug|iPhone.Build.0 = Debug|Any CPU
		{20732FA9-2AD8-4B6C-A541-21CC25E1C4E9}.Debug|iPhone.Deploy.0 = Debug|Any CPU
		{20732FA9-2AD8-4B6C-A541-21CC25E1C4E9}.Debug|iPhoneSimulator.ActiveCfg = Debug|Any CPU
		{20732FA9-2AD8-4B6C-A541-21CC25E1C4E9}.Debug|iPhoneSimulator.Build.0 = Debug|Any CPU
		{20732FA9-2AD8-4B6C-A541-21CC25E1C4E9}.Debug|iPhoneSimulator.Deploy.0 = Debug|Any CPU
		{20732FA9-2AD8-4B6C-A541-21CC25E1C4E9}.Debug|x64.ActiveCfg = Debug|Any CPU
		{20732FA9-2AD8-4B6C-A541-21CC25E1C4E9}.Debug|x64.Build.0 = Debug|Any CPU
		{20732FA9-2AD8-4B6C-A541-21CC25E1C4E9}.Debug|x64.Deploy.0 = Debug|Any CPU
		{20732FA9-2AD8-4B6C-A541-21CC25E1C4E9}.Debug|x86.ActiveCfg = Debug|Any CPU
		{20732FA9-2AD8-4B6C-A541-21CC25E1C4E9}.Debug|x86.Build.0 = Debug|Any CPU
		{20732FA9-2AD8-4B6C-A541-21CC25E1C4E9}.Debug|x86.Deploy.0 = Debug|Any CPU
		{20732FA9-2AD8-4B6C-A541-21CC25E1C4E9}.Release|Any CPU.ActiveCfg = Release|Any CPU
		{20732FA9-2AD8-4B6C-A541-21CC25E1C4E9}.Release|Any CPU.Build.0 = Release|Any CPU
		{20732FA9-2AD8-4B6C-A541-21CC25E1C4E9}.Release|Any CPU.Deploy.0 = Release|Any CPU
		{20732FA9-2AD8-4B6C-A541-21CC25E1C4E9}.Release|ARM.ActiveCfg = Release|Any CPU
		{20732FA9-2AD8-4B6C-A541-21CC25E1C4E9}.Release|ARM.Build.0 = Release|Any CPU
		{20732FA9-2AD8-4B6C-A541-21CC25E1C4E9}.Release|ARM.Deploy.0 = Release|Any CPU
		{20732FA9-2AD8-4B6C-A541-21CC25E1C4E9}.Release|iPhone.ActiveCfg = Release|Any CPU
		{20732FA9-2AD8-4B6C-A541-21CC25E1C4E9}.Release|iPhone.Build.0 = Release|Any CPU
		{20732FA9-2AD8-4B6C-A541-21CC25E1C4E9}.Release|iPhone.Deploy.0 = Release|Any CPU
		{20732FA9-2AD8-4B6C-A541-21CC25E1C4E9}.Release|iPhoneSimulator.ActiveCfg = Release|Any CPU
		{20732FA9-2AD8-4B6C-A541-21CC25E1C4E9}.Release|iPhoneSimulator.Build.0 = Release|Any CPU
		{20732FA9-2AD8-4B6C-A541-21CC25E1C4E9}.Release|iPhoneSimulator.Deploy.0 = Release|Any CPU
		{20732FA9-2AD8-4B6C-A541-21CC25E1C4E9}.Release|x64.ActiveCfg = Release|Any CPU
		{20732FA9-2AD8-4B6C-A541-21CC25E1C4E9}.Release|x64.Build.0 = Release|Any CPU
		{20732FA9-2AD8-4B6C-A541-21CC25E1C4E9}.Release|x64.Deploy.0 = Release|Any CPU
		{20732FA9-2AD8-4B6C-A541-21CC25E1C4E9}.Release|x86.ActiveCfg = Release|Any CPU
		{20732FA9-2AD8-4B6C-A541-21CC25E1C4E9}.Release|x86.Build.0 = Release|Any CPU
		{20732FA9-2AD8-4B6C-A541-21CC25E1C4E9}.Release|x86.Deploy.0 = Release|Any CPU
		{11FF4078-1651-4955-8B98-0B6E5B4CA6BE}.Ad-Hoc|Any CPU.ActiveCfg = Ad-Hoc|iPhone
		{11FF4078-1651-4955-8B98-0B6E5B4CA6BE}.Ad-Hoc|Any CPU.Build.0 = Ad-Hoc|iPhone
		{11FF4078-1651-4955-8B98-0B6E5B4CA6BE}.Ad-Hoc|Any CPU.Deploy.0 = Ad-Hoc|iPhone
		{11FF4078-1651-4955-8B98-0B6E5B4CA6BE}.Ad-Hoc|ARM.ActiveCfg = Ad-Hoc|iPhone
		{11FF4078-1651-4955-8B98-0B6E5B4CA6BE}.Ad-Hoc|ARM.Build.0 = Ad-Hoc|iPhone
		{11FF4078-1651-4955-8B98-0B6E5B4CA6BE}.Ad-Hoc|ARM.Deploy.0 = Ad-Hoc|iPhone
		{11FF4078-1651-4955-8B98-0B6E5B4CA6BE}.Ad-Hoc|iPhone.ActiveCfg = Ad-Hoc|iPhone
		{11FF4078-1651-4955-8B98-0B6E5B4CA6BE}.Ad-Hoc|iPhone.Build.0 = Ad-Hoc|iPhone
		{11FF4078-1651-4955-8B98-0B6E5B4CA6BE}.Ad-Hoc|iPhone.Deploy.0 = Ad-Hoc|iPhone
		{11FF4078-1651-4955-8B98-0B6E5B4CA6BE}.Ad-Hoc|iPhoneSimulator.ActiveCfg = Ad-Hoc|iPhoneSimulator
		{11FF4078-1651-4955-8B98-0B6E5B4CA6BE}.Ad-Hoc|iPhoneSimulator.Build.0 = Ad-Hoc|iPhoneSimulator
		{11FF4078-1651-4955-8B98-0B6E5B4CA6BE}.Ad-Hoc|iPhoneSimulator.Deploy.0 = Ad-Hoc|iPhoneSimulator
		{11FF4078-1651-4955-8B98-0B6E5B4CA6BE}.Ad-Hoc|x64.ActiveCfg = Ad-Hoc|iPhone
		{11FF4078-1651-4955-8B98-0B6E5B4CA6BE}.Ad-Hoc|x64.Build.0 = Ad-Hoc|iPhone
		{11FF4078-1651-4955-8B98-0B6E5B4CA6BE}.Ad-Hoc|x64.Deploy.0 = Ad-Hoc|iPhone
		{11FF4078-1651-4955-8B98-0B6E5B4CA6BE}.Ad-Hoc|x86.ActiveCfg = Ad-Hoc|iPhone
		{11FF4078-1651-4955-8B98-0B6E5B4CA6BE}.Ad-Hoc|x86.Build.0 = Ad-Hoc|iPhone
		{11FF4078-1651-4955-8B98-0B6E5B4CA6BE}.Ad-Hoc|x86.Deploy.0 = Ad-Hoc|iPhone
		{11FF4078-1651-4955-8B98-0B6E5B4CA6BE}.AppStore|Any CPU.ActiveCfg = AppStore|iPhone
		{11FF4078-1651-4955-8B98-0B6E5B4CA6BE}.AppStore|Any CPU.Build.0 = AppStore|iPhone
		{11FF4078-1651-4955-8B98-0B6E5B4CA6BE}.AppStore|Any CPU.Deploy.0 = AppStore|iPhone
		{11FF4078-1651-4955-8B98-0B6E5B4CA6BE}.AppStore|ARM.ActiveCfg = AppStore|iPhone
		{11FF4078-1651-4955-8B98-0B6E5B4CA6BE}.AppStore|ARM.Build.0 = AppStore|iPhone
		{11FF4078-1651-4955-8B98-0B6E5B4CA6BE}.AppStore|ARM.Deploy.0 = AppStore|iPhone
		{11FF4078-1651-4955-8B98-0B6E5B4CA6BE}.AppStore|iPhone.ActiveCfg = AppStore|iPhone
		{11FF4078-1651-4955-8B98-0B6E5B4CA6BE}.AppStore|iPhone.Build.0 = AppStore|iPhone
		{11FF4078-1651-4955-8B98-0B6E5B4CA6BE}.AppStore|iPhone.Deploy.0 = AppStore|iPhone
		{11FF4078-1651-4955-8B98-0B6E5B4CA6BE}.AppStore|iPhoneSimulator.ActiveCfg = AppStore|iPhoneSimulator
		{11FF4078-1651-4955-8B98-0B6E5B4CA6BE}.AppStore|iPhoneSimulator.Build.0 = AppStore|iPhoneSimulator
		{11FF4078-1651-4955-8B98-0B6E5B4CA6BE}.AppStore|iPhoneSimulator.Deploy.0 = AppStore|iPhoneSimulator
		{11FF4078-1651-4955-8B98-0B6E5B4CA6BE}.AppStore|x64.ActiveCfg = AppStore|iPhone
		{11FF4078-1651-4955-8B98-0B6E5B4CA6BE}.AppStore|x64.Build.0 = AppStore|iPhone
		{11FF4078-1651-4955-8B98-0B6E5B4CA6BE}.AppStore|x64.Deploy.0 = AppStore|iPhone
		{11FF4078-1651-4955-8B98-0B6E5B4CA6BE}.AppStore|x86.ActiveCfg = AppStore|iPhone
		{11FF4078-1651-4955-8B98-0B6E5B4CA6BE}.AppStore|x86.Build.0 = AppStore|iPhone
		{11FF4078-1651-4955-8B98-0B6E5B4CA6BE}.AppStore|x86.Deploy.0 = AppStore|iPhone
		{11FF4078-1651-4955-8B98-0B6E5B4CA6BE}.Debug|Any CPU.ActiveCfg = Debug|iPhoneSimulator
		{11FF4078-1651-4955-8B98-0B6E5B4CA6BE}.Debug|Any CPU.Build.0 = Debug|iPhoneSimulator
		{11FF4078-1651-4955-8B98-0B6E5B4CA6BE}.Debug|Any CPU.Deploy.0 = Debug|iPhoneSimulator
		{11FF4078-1651-4955-8B98-0B6E5B4CA6BE}.Debug|ARM.ActiveCfg = Debug|iPhone
		{11FF4078-1651-4955-8B98-0B6E5B4CA6BE}.Debug|ARM.Build.0 = Debug|iPhone
		{11FF4078-1651-4955-8B98-0B6E5B4CA6BE}.Debug|ARM.Deploy.0 = Debug|iPhone
		{11FF4078-1651-4955-8B98-0B6E5B4CA6BE}.Debug|iPhone.ActiveCfg = Debug|iPhone
		{11FF4078-1651-4955-8B98-0B6E5B4CA6BE}.Debug|iPhone.Build.0 = Debug|iPhone
		{11FF4078-1651-4955-8B98-0B6E5B4CA6BE}.Debug|iPhone.Deploy.0 = Debug|iPhone
		{11FF4078-1651-4955-8B98-0B6E5B4CA6BE}.Debug|iPhoneSimulator.ActiveCfg = Debug|iPhoneSimulator
		{11FF4078-1651-4955-8B98-0B6E5B4CA6BE}.Debug|iPhoneSimulator.Build.0 = Debug|iPhoneSimulator
		{11FF4078-1651-4955-8B98-0B6E5B4CA6BE}.Debug|iPhoneSimulator.Deploy.0 = Debug|iPhoneSimulator
		{11FF4078-1651-4955-8B98-0B6E5B4CA6BE}.Debug|x64.ActiveCfg = Debug|iPhone
		{11FF4078-1651-4955-8B98-0B6E5B4CA6BE}.Debug|x64.Build.0 = Debug|iPhone
		{11FF4078-1651-4955-8B98-0B6E5B4CA6BE}.Debug|x64.Deploy.0 = Debug|iPhone
		{11FF4078-1651-4955-8B98-0B6E5B4CA6BE}.Debug|x86.ActiveCfg = Debug|iPhone
		{11FF4078-1651-4955-8B98-0B6E5B4CA6BE}.Debug|x86.Build.0 = Debug|iPhone
		{11FF4078-1651-4955-8B98-0B6E5B4CA6BE}.Debug|x86.Deploy.0 = Debug|iPhone
		{11FF4078-1651-4955-8B98-0B6E5B4CA6BE}.Release|Any CPU.ActiveCfg = Release|iPhone
		{11FF4078-1651-4955-8B98-0B6E5B4CA6BE}.Release|Any CPU.Build.0 = Release|iPhone
		{11FF4078-1651-4955-8B98-0B6E5B4CA6BE}.Release|Any CPU.Deploy.0 = Release|iPhone
		{11FF4078-1651-4955-8B98-0B6E5B4CA6BE}.Release|ARM.ActiveCfg = Release|iPhone
		{11FF4078-1651-4955-8B98-0B6E5B4CA6BE}.Release|ARM.Build.0 = Release|iPhone
		{11FF4078-1651-4955-8B98-0B6E5B4CA6BE}.Release|ARM.Deploy.0 = Release|iPhone
		{11FF4078-1651-4955-8B98-0B6E5B4CA6BE}.Release|iPhone.ActiveCfg = Release|iPhone
		{11FF4078-1651-4955-8B98-0B6E5B4CA6BE}.Release|iPhone.Build.0 = Release|iPhone
		{11FF4078-1651-4955-8B98-0B6E5B4CA6BE}.Release|iPhone.Deploy.0 = Release|iPhone
		{11FF4078-1651-4955-8B98-0B6E5B4CA6BE}.Release|iPhoneSimulator.ActiveCfg = Release|iPhoneSimulator
		{11FF4078-1651-4955-8B98-0B6E5B4CA6BE}.Release|iPhoneSimulator.Build.0 = Release|iPhoneSimulator
		{11FF4078-1651-4955-8B98-0B6E5B4CA6BE}.Release|iPhoneSimulator.Deploy.0 = Release|iPhoneSimulator
		{11FF4078-1651-4955-8B98-0B6E5B4CA6BE}.Release|x64.ActiveCfg = Release|iPhone
		{11FF4078-1651-4955-8B98-0B6E5B4CA6BE}.Release|x64.Build.0 = Release|iPhone
		{11FF4078-1651-4955-8B98-0B6E5B4CA6BE}.Release|x64.Deploy.0 = Release|iPhone
		{11FF4078-1651-4955-8B98-0B6E5B4CA6BE}.Release|x86.ActiveCfg = Release|iPhone
		{11FF4078-1651-4955-8B98-0B6E5B4CA6BE}.Release|x86.Build.0 = Release|iPhone
		{11FF4078-1651-4955-8B98-0B6E5B4CA6BE}.Release|x86.Deploy.0 = Release|iPhone
		{56BC80FA-F817-4186-B4EC-0AF3B14F53EB}.Ad-Hoc|Any CPU.ActiveCfg = Release|x86
		{56BC80FA-F817-4186-B4EC-0AF3B14F53EB}.Ad-Hoc|Any CPU.Build.0 = Release|x86
		{56BC80FA-F817-4186-B4EC-0AF3B14F53EB}.Ad-Hoc|Any CPU.Deploy.0 = Release|x86
		{56BC80FA-F817-4186-B4EC-0AF3B14F53EB}.Ad-Hoc|ARM.ActiveCfg = Release|ARM
		{56BC80FA-F817-4186-B4EC-0AF3B14F53EB}.Ad-Hoc|ARM.Build.0 = Release|ARM
		{56BC80FA-F817-4186-B4EC-0AF3B14F53EB}.Ad-Hoc|ARM.Deploy.0 = Release|ARM
		{56BC80FA-F817-4186-B4EC-0AF3B14F53EB}.Ad-Hoc|iPhone.ActiveCfg = Release|x86
		{56BC80FA-F817-4186-B4EC-0AF3B14F53EB}.Ad-Hoc|iPhone.Build.0 = Release|x86
		{56BC80FA-F817-4186-B4EC-0AF3B14F53EB}.Ad-Hoc|iPhone.Deploy.0 = Release|x86
		{56BC80FA-F817-4186-B4EC-0AF3B14F53EB}.Ad-Hoc|iPhoneSimulator.ActiveCfg = Release|x86
		{56BC80FA-F817-4186-B4EC-0AF3B14F53EB}.Ad-Hoc|iPhoneSimulator.Build.0 = Release|x86
		{56BC80FA-F817-4186-B4EC-0AF3B14F53EB}.Ad-Hoc|iPhoneSimulator.Deploy.0 = Release|x86
		{56BC80FA-F817-4186-B4EC-0AF3B14F53EB}.Ad-Hoc|x64.ActiveCfg = Release|x64
		{56BC80FA-F817-4186-B4EC-0AF3B14F53EB}.Ad-Hoc|x64.Build.0 = Release|x64
		{56BC80FA-F817-4186-B4EC-0AF3B14F53EB}.Ad-Hoc|x64.Deploy.0 = Release|x64
		{56BC80FA-F817-4186-B4EC-0AF3B14F53EB}.Ad-Hoc|x86.ActiveCfg = Release|x86
		{56BC80FA-F817-4186-B4EC-0AF3B14F53EB}.Ad-Hoc|x86.Build.0 = Release|x86
		{56BC80FA-F817-4186-B4EC-0AF3B14F53EB}.Ad-Hoc|x86.Deploy.0 = Release|x86
		{56BC80FA-F817-4186-B4EC-0AF3B14F53EB}.AppStore|Any CPU.ActiveCfg = Release|x86
		{56BC80FA-F817-4186-B4EC-0AF3B14F53EB}.AppStore|Any CPU.Build.0 = Release|x86
		{56BC80FA-F817-4186-B4EC-0AF3B14F53EB}.AppStore|Any CPU.Deploy.0 = Release|x86
		{56BC80FA-F817-4186-B4EC-0AF3B14F53EB}.AppStore|ARM.ActiveCfg = Release|ARM
		{56BC80FA-F817-4186-B4EC-0AF3B14F53EB}.AppStore|ARM.Build.0 = Release|ARM
		{56BC80FA-F817-4186-B4EC-0AF3B14F53EB}.AppStore|ARM.Deploy.0 = Release|ARM
		{56BC80FA-F817-4186-B4EC-0AF3B14F53EB}.AppStore|iPhone.ActiveCfg = Release|x86
		{56BC80FA-F817-4186-B4EC-0AF3B14F53EB}.AppStore|iPhone.Build.0 = Release|x86
		{56BC80FA-F817-4186-B4EC-0AF3B14F53EB}.AppStore|iPhone.Deploy.0 = Release|x86
		{56BC80FA-F817-4186-B4EC-0AF3B14F53EB}.AppStore|iPhoneSimulator.ActiveCfg = Release|x86
		{56BC80FA-F817-4186-B4EC-0AF3B14F53EB}.AppStore|iPhoneSimulator.Build.0 = Release|x86
		{56BC80FA-F817-4186-B4EC-0AF3B14F53EB}.AppStore|iPhoneSimulator.Deploy.0 = Release|x86
		{56BC80FA-F817-4186-B4EC-0AF3B14F53EB}.AppStore|x64.ActiveCfg = Release|x64
		{56BC80FA-F817-4186-B4EC-0AF3B14F53EB}.AppStore|x64.Build.0 = Release|x64
		{56BC80FA-F817-4186-B4EC-0AF3B14F53EB}.AppStore|x64.Deploy.0 = Release|x64
		{56BC80FA-F817-4186-B4EC-0AF3B14F53EB}.AppStore|x86.ActiveCfg = Release|x86
		{56BC80FA-F817-4186-B4EC-0AF3B14F53EB}.AppStore|x86.Build.0 = Release|x86
		{56BC80FA-F817-4186-B4EC-0AF3B14F53EB}.AppStore|x86.Deploy.0 = Release|x86
		{56BC80FA-F817-4186-B4EC-0AF3B14F53EB}.Debug|Any CPU.ActiveCfg = Debug|x86
		{56BC80FA-F817-4186-B4EC-0AF3B14F53EB}.Debug|Any CPU.Build.0 = Debug|x86
		{56BC80FA-F817-4186-B4EC-0AF3B14F53EB}.Debug|Any CPU.Deploy.0 = Debug|x86
		{56BC80FA-F817-4186-B4EC-0AF3B14F53EB}.Debug|ARM.ActiveCfg = Debug|ARM
		{56BC80FA-F817-4186-B4EC-0AF3B14F53EB}.Debug|ARM.Build.0 = Debug|ARM
		{56BC80FA-F817-4186-B4EC-0AF3B14F53EB}.Debug|ARM.Deploy.0 = Debug|ARM
		{56BC80FA-F817-4186-B4EC-0AF3B14F53EB}.Debug|iPhone.ActiveCfg = Debug|x86
		{56BC80FA-F817-4186-B4EC-0AF3B14F53EB}.Debug|iPhone.Build.0 = Debug|x86
		{56BC80FA-F817-4186-B4EC-0AF3B14F53EB}.Debug|iPhone.Deploy.0 = Debug|x86
		{56BC80FA-F817-4186-B4EC-0AF3B14F53EB}.Debug|iPhoneSimulator.ActiveCfg = Debug|x86
		{56BC80FA-F817-4186-B4EC-0AF3B14F53EB}.Debug|iPhoneSimulator.Build.0 = Debug|x86
		{56BC80FA-F817-4186-B4EC-0AF3B14F53EB}.Debug|iPhoneSimulator.Deploy.0 = Debug|x86
		{56BC80FA-F817-4186-B4EC-0AF3B14F53EB}.Debug|x64.ActiveCfg = Debug|x64
		{56BC80FA-F817-4186-B4EC-0AF3B14F53EB}.Debug|x64.Build.0 = Debug|x64
		{56BC80FA-F817-4186-B4EC-0AF3B14F53EB}.Debug|x64.Deploy.0 = Debug|x64
		{56BC80FA-F817-4186-B4EC-0AF3B14F53EB}.Debug|x86.ActiveCfg = Debug|x86
		{56BC80FA-F817-4186-B4EC-0AF3B14F53EB}.Debug|x86.Build.0 = Debug|x86
		{56BC80FA-F817-4186-B4EC-0AF3B14F53EB}.Debug|x86.Deploy.0 = Debug|x86
		{56BC80FA-F817-4186-B4EC-0AF3B14F53EB}.Release|Any CPU.ActiveCfg = Release|x86
		{56BC80FA-F817-4186-B4EC-0AF3B14F53EB}.Release|Any CPU.Build.0 = Release|x86
		{56BC80FA-F817-4186-B4EC-0AF3B14F53EB}.Release|Any CPU.Deploy.0 = Release|x86
		{56BC80FA-F817-4186-B4EC-0AF3B14F53EB}.Release|ARM.ActiveCfg = Release|ARM
		{56BC80FA-F817-4186-B4EC-0AF3B14F53EB}.Release|ARM.Build.0 = Release|ARM
		{56BC80FA-F817-4186-B4EC-0AF3B14F53EB}.Release|ARM.Deploy.0 = Release|ARM
		{56BC80FA-F817-4186-B4EC-0AF3B14F53EB}.Release|iPhone.ActiveCfg = Release|x86
		{56BC80FA-F817-4186-B4EC-0AF3B14F53EB}.Release|iPhone.Build.0 = Release|x86
		{56BC80FA-F817-4186-B4EC-0AF3B14F53EB}.Release|iPhone.Deploy.0 = Release|x86
		{56BC80FA-F817-4186-B4EC-0AF3B14F53EB}.Release|iPhoneSimulator.ActiveCfg = Release|x86
		{56BC80FA-F817-4186-B4EC-0AF3B14F53EB}.Release|iPhoneSimulator.Build.0 = Release|x86
		{56BC80FA-F817-4186-B4EC-0AF3B14F53EB}.Release|iPhoneSimulator.Deploy.0 = Release|x86
		{56BC80FA-F817-4186-B4EC-0AF3B14F53EB}.Release|x64.ActiveCfg = Release|x64
		{56BC80FA-F817-4186-B4EC-0AF3B14F53EB}.Release|x64.Build.0 = Release|x64
		{56BC80FA-F817-4186-B4EC-0AF3B14F53EB}.Release|x64.Deploy.0 = Release|x64
		{56BC80FA-F817-4186-B4EC-0AF3B14F53EB}.Release|x86.ActiveCfg = Release|x86
		{56BC80FA-F817-4186-B4EC-0AF3B14F53EB}.Release|x86.Build.0 = Release|x86
		{56BC80FA-F817-4186-B4EC-0AF3B14F53EB}.Release|x86.Deploy.0 = Release|x86
		{3CEB480E-BC4A-420D-931C-B8A083375225}.Ad-Hoc|Any CPU.ActiveCfg = Debug|Any CPU
		{3CEB480E-BC4A-420D-931C-B8A083375225}.Ad-Hoc|Any CPU.Build.0 = Debug|Any CPU
		{3CEB480E-BC4A-420D-931C-B8A083375225}.Ad-Hoc|Any CPU.Deploy.0 = Debug|Any CPU
		{3CEB480E-BC4A-420D-931C-B8A083375225}.Ad-Hoc|ARM.ActiveCfg = Debug|Any CPU
		{3CEB480E-BC4A-420D-931C-B8A083375225}.Ad-Hoc|ARM.Build.0 = Debug|Any CPU
		{3CEB480E-BC4A-420D-931C-B8A083375225}.Ad-Hoc|ARM.Deploy.0 = Debug|Any CPU
		{3CEB480E-BC4A-420D-931C-B8A083375225}.Ad-Hoc|iPhone.ActiveCfg = Debug|Any CPU
		{3CEB480E-BC4A-420D-931C-B8A083375225}.Ad-Hoc|iPhone.Build.0 = Debug|Any CPU
		{3CEB480E-BC4A-420D-931C-B8A083375225}.Ad-Hoc|iPhone.Deploy.0 = Debug|Any CPU
		{3CEB480E-BC4A-420D-931C-B8A083375225}.Ad-Hoc|iPhoneSimulator.ActiveCfg = Debug|Any CPU
		{3CEB480E-BC4A-420D-931C-B8A083375225}.Ad-Hoc|iPhoneSimulator.Build.0 = Debug|Any CPU
		{3CEB480E-BC4A-420D-931C-B8A083375225}.Ad-Hoc|iPhoneSimulator.Deploy.0 = Debug|Any CPU
		{3CEB480E-BC4A-420D-931C-B8A083375225}.Ad-Hoc|x64.ActiveCfg = Debug|Any CPU
		{3CEB480E-BC4A-420D-931C-B8A083375225}.Ad-Hoc|x64.Build.0 = Debug|Any CPU
		{3CEB480E-BC4A-420D-931C-B8A083375225}.Ad-Hoc|x64.Deploy.0 = Debug|Any CPU
		{3CEB480E-BC4A-420D-931C-B8A083375225}.Ad-Hoc|x86.ActiveCfg = Debug|Any CPU
		{3CEB480E-BC4A-420D-931C-B8A083375225}.Ad-Hoc|x86.Build.0 = Debug|Any CPU
		{3CEB480E-BC4A-420D-931C-B8A083375225}.Ad-Hoc|x86.Deploy.0 = Debug|Any CPU
		{3CEB480E-BC4A-420D-931C-B8A083375225}.AppStore|Any CPU.ActiveCfg = Debug|Any CPU
		{3CEB480E-BC4A-420D-931C-B8A083375225}.AppStore|Any CPU.Build.0 = Debug|Any CPU
		{3CEB480E-BC4A-420D-931C-B8A083375225}.AppStore|Any CPU.Deploy.0 = Debug|Any CPU
		{3CEB480E-BC4A-420D-931C-B8A083375225}.AppStore|ARM.ActiveCfg = Debug|Any CPU
		{3CEB480E-BC4A-420D-931C-B8A083375225}.AppStore|ARM.Build.0 = Debug|Any CPU
		{3CEB480E-BC4A-420D-931C-B8A083375225}.AppStore|ARM.Deploy.0 = Debug|Any CPU
		{3CEB480E-BC4A-420D-931C-B8A083375225}.AppStore|iPhone.ActiveCfg = Debug|Any CPU
		{3CEB480E-BC4A-420D-931C-B8A083375225}.AppStore|iPhone.Build.0 = Debug|Any CPU
		{3CEB480E-BC4A-420D-931C-B8A083375225}.AppStore|iPhone.Deploy.0 = Debug|Any CPU
		{3CEB480E-BC4A-420D-931C-B8A083375225}.AppStore|iPhoneSimulator.ActiveCfg = Debug|Any CPU
		{3CEB480E-BC4A-420D-931C-B8A083375225}.AppStore|iPhoneSimulator.Build.0 = Debug|Any CPU
		{3CEB480E-BC4A-420D-931C-B8A083375225}.AppStore|iPhoneSimulator.Deploy.0 = Debug|Any CPU
		{3CEB480E-BC4A-420D-931C-B8A083375225}.AppStore|x64.ActiveCfg = Debug|Any CPU
		{3CEB480E-BC4A-420D-931C-B8A083375225}.AppStore|x64.Build.0 = Debug|Any CPU
		{3CEB480E-BC4A-420D-931C-B8A083375225}.AppStore|x64.Deploy.0 = Debug|Any CPU
		{3CEB480E-BC4A-420D-931C-B8A083375225}.AppStore|x86.ActiveCfg = Debug|Any CPU
		{3CEB480E-BC4A-420D-931C-B8A083375225}.AppStore|x86.Build.0 = Debug|Any CPU
		{3CEB480E-BC4A-420D-931C-B8A083375225}.AppStore|x86.Deploy.0 = Debug|Any CPU
		{3CEB480E-BC4A-420D-931C-B8A083375225}.Debug|Any CPU.ActiveCfg = Debug|Any CPU
		{3CEB480E-BC4A-420D-931C-B8A083375225}.Debug|Any CPU.Build.0 = Debug|Any CPU
		{3CEB480E-BC4A-420D-931C-B8A083375225}.Debug|Any CPU.Deploy.0 = Debug|Any CPU
		{3CEB480E-BC4A-420D-931C-B8A083375225}.Debug|ARM.ActiveCfg = Debug|Any CPU
		{3CEB480E-BC4A-420D-931C-B8A083375225}.Debug|ARM.Build.0 = Debug|Any CPU
		{3CEB480E-BC4A-420D-931C-B8A083375225}.Debug|ARM.Deploy.0 = Debug|Any CPU
		{3CEB480E-BC4A-420D-931C-B8A083375225}.Debug|iPhone.ActiveCfg = Debug|Any CPU
		{3CEB480E-BC4A-420D-931C-B8A083375225}.Debug|iPhone.Build.0 = Debug|Any CPU
		{3CEB480E-BC4A-420D-931C-B8A083375225}.Debug|iPhone.Deploy.0 = Debug|Any CPU
		{3CEB480E-BC4A-420D-931C-B8A083375225}.Debug|iPhoneSimulator.ActiveCfg = Debug|Any CPU
		{3CEB480E-BC4A-420D-931C-B8A083375225}.Debug|iPhoneSimulator.Build.0 = Debug|Any CPU
		{3CEB480E-BC4A-420D-931C-B8A083375225}.Debug|iPhoneSimulator.Deploy.0 = Debug|Any CPU
		{3CEB480E-BC4A-420D-931C-B8A083375225}.Debug|x64.ActiveCfg = Debug|Any CPU
		{3CEB480E-BC4A-420D-931C-B8A083375225}.Debug|x64.Build.0 = Debug|Any CPU
		{3CEB480E-BC4A-420D-931C-B8A083375225}.Debug|x64.Deploy.0 = Debug|Any CPU
		{3CEB480E-BC4A-420D-931C-B8A083375225}.Debug|x86.ActiveCfg = Debug|Any CPU
		{3CEB480E-BC4A-420D-931C-B8A083375225}.Debug|x86.Build.0 = Debug|Any CPU
		{3CEB480E-BC4A-420D-931C-B8A083375225}.Debug|x86.Deploy.0 = Debug|Any CPU
		{3CEB480E-BC4A-420D-931C-B8A083375225}.Release|Any CPU.ActiveCfg = Release|Any CPU
		{3CEB480E-BC4A-420D-931C-B8A083375225}.Release|Any CPU.Build.0 = Release|Any CPU
		{3CEB480E-BC4A-420D-931C-B8A083375225}.Release|Any CPU.Deploy.0 = Release|Any CPU
		{3CEB480E-BC4A-420D-931C-B8A083375225}.Release|ARM.ActiveCfg = Release|Any CPU
		{3CEB480E-BC4A-420D-931C-B8A083375225}.Release|ARM.Build.0 = Release|Any CPU
		{3CEB480E-BC4A-420D-931C-B8A083375225}.Release|ARM.Deploy.0 = Release|Any CPU
		{3CEB480E-BC4A-420D-931C-B8A083375225}.Release|iPhone.ActiveCfg = Release|Any CPU
		{3CEB480E-BC4A-420D-931C-B8A083375225}.Release|iPhone.Build.0 = Release|Any CPU
		{3CEB480E-BC4A-420D-931C-B8A083375225}.Release|iPhone.Deploy.0 = Release|Any CPU
		{3CEB480E-BC4A-420D-931C-B8A083375225}.Release|iPhoneSimulator.ActiveCfg = Release|Any CPU
		{3CEB480E-BC4A-420D-931C-B8A083375225}.Release|iPhoneSimulator.Build.0 = Release|Any CPU
		{3CEB480E-BC4A-420D-931C-B8A083375225}.Release|iPhoneSimulator.Deploy.0 = Release|Any CPU
		{3CEB480E-BC4A-420D-931C-B8A083375225}.Release|x64.ActiveCfg = Release|Any CPU
		{3CEB480E-BC4A-420D-931C-B8A083375225}.Release|x64.Build.0 = Release|Any CPU
		{3CEB480E-BC4A-420D-931C-B8A083375225}.Release|x64.Deploy.0 = Release|Any CPU
		{3CEB480E-BC4A-420D-931C-B8A083375225}.Release|x86.ActiveCfg = Release|Any CPU
		{3CEB480E-BC4A-420D-931C-B8A083375225}.Release|x86.Build.0 = Release|Any CPU
		{3CEB480E-BC4A-420D-931C-B8A083375225}.Release|x86.Deploy.0 = Release|Any CPU
	EndGlobalSection
	GlobalSection(SolutionProperties) = preSolution
		HideSolutionNode = FALSE
	EndGlobalSection
	GlobalSection(ExtensibilityGlobals) = postSolution
		SolutionGuid = {9F6419F5-7564-49F4-B769-D902B8157F6A}
	EndGlobalSection
EndGlobal
